
Microsoft Visual Studio Solution File, Format Version 12.00
# Visual Studio Version 16
VisualStudioVersion = 16.0.28922.388
MinimumVisualStudioVersion = 10.0.40219.1
Project("{9A19103F-16F7-4668-BE54-9A1E7A4F7556}") = "Stardust", "Stardust\Stardust.csproj", "{AADBD913-749C-467E-A63F-C118C4C82351}"
EndProject
Project("{FAE04EC0-301F-11D3-BF4B-00C04F79EFBC}") = "Stardust.Web", "Stardust.Web\Stardust.Web.csproj", "{25331DEF-FEE3-44D5-A4E9-864078441F71}"
EndProject
Project("{2150E333-8FDC-42A3-9474-1A3956D46DE8}") = "Others", "Others", "{0EA980BB-BB15-41A3-B75B-537BC42E985B}"
	ProjectSection(SolutionItems) = preProject
		Readme.MD = Readme.MD
	EndProjectSection
EndProject
Project("{9A19103F-16F7-4668-BE54-9A1E7A4F7556}") = "Stardust.Data", "Stardust.Data\Stardust.Data.csproj", "{8B5FC187-6592-4717-99C3-D97743062FD3}"
EndProject
Project("{FAE04EC0-301F-11D3-BF4B-00C04F79EFBC}") = "Stardust.WebFx", "Stardust.WebFx\Stardust.WebFx.csproj", "{A9E0597C-E818-4B33-8AC3-BE134D68B78E}"
EndProject
Project("{9A19103F-16F7-4668-BE54-9A1E7A4F7556}") = "Test", "Test\Test.csproj", "{3B87711E-FF90-470B-A429-CFDF3B9B1F5F}"
EndProject
Project("{9A19103F-16F7-4668-BE54-9A1E7A4F7556}") = "Stardust.Server", "Stardust.Server\Stardust.Server.csproj", "{73B28F07-E99F-45A8-B9A0-90E7BAC133A3}"
EndProject
Project("{9A19103F-16F7-4668-BE54-9A1E7A4F7556}") = "StarAgent", "StarAgent\StarAgent.csproj", "{0FF65D90-214F-405E-9674-6C0992BC61FD}"
EndProject
Global
	GlobalSection(SolutionConfigurationPlatforms) = preSolution
		Debug|Any CPU = Debug|Any CPU
		Release|Any CPU = Release|Any CPU
	EndGlobalSection
	GlobalSection(ProjectConfigurationPlatforms) = postSolution
		{AADBD913-749C-467E-A63F-C118C4C82351}.Debug|Any CPU.ActiveCfg = Debug|Any CPU
		{AADBD913-749C-467E-A63F-C118C4C82351}.Debug|Any CPU.Build.0 = Debug|Any CPU
		{AADBD913-749C-467E-A63F-C118C4C82351}.Release|Any CPU.ActiveCfg = Release|Any CPU
		{AADBD913-749C-467E-A63F-C118C4C82351}.Release|Any CPU.Build.0 = Release|Any CPU
		{25331DEF-FEE3-44D5-A4E9-864078441F71}.Debug|Any CPU.ActiveCfg = Debug|Any CPU
		{25331DEF-FEE3-44D5-A4E9-864078441F71}.Debug|Any CPU.Build.0 = Debug|Any CPU
		{25331DEF-FEE3-44D5-A4E9-864078441F71}.Release|Any CPU.ActiveCfg = Release|Any CPU
		{25331DEF-FEE3-44D5-A4E9-864078441F71}.Release|Any CPU.Build.0 = Release|Any CPU
		{8B5FC187-6592-4717-99C3-D97743062FD3}.Debug|Any CPU.ActiveCfg = Debug|Any CPU
		{8B5FC187-6592-4717-99C3-D97743062FD3}.Debug|Any CPU.Build.0 = Debug|Any CPU
		{8B5FC187-6592-4717-99C3-D97743062FD3}.Release|Any CPU.ActiveCfg = Release|Any CPU
		{8B5FC187-6592-4717-99C3-D97743062FD3}.Release|Any CPU.Build.0 = Release|Any CPU
		{A9E0597C-E818-4B33-8AC3-BE134D68B78E}.Debug|Any CPU.ActiveCfg = Debug|Any CPU
		{A9E0597C-E818-4B33-8AC3-BE134D68B78E}.Debug|Any CPU.Build.0 = Debug|Any CPU
		{A9E0597C-E818-4B33-8AC3-BE134D68B78E}.Release|Any CPU.ActiveCfg = Release|Any CPU
		{A9E0597C-E818-4B33-8AC3-BE134D68B78E}.Release|Any CPU.Build.0 = Release|Any CPU
		{3B87711E-FF90-470B-A429-CFDF3B9B1F5F}.Debug|Any CPU.ActiveCfg = Debug|Any CPU
		{3B87711E-FF90-470B-A429-CFDF3B9B1F5F}.Debug|Any CPU.Build.0 = Debug|Any CPU
		{3B87711E-FF90-470B-A429-CFDF3B9B1F5F}.Release|Any CPU.ActiveCfg = Release|Any CPU
		{3B87711E-FF90-470B-A429-CFDF3B9B1F5F}.Release|Any CPU.Build.0 = Release|Any CPU
		{73B28F07-E99F-45A8-B9A0-90E7BAC133A3}.Debug|Any CPU.ActiveCfg = Debug|Any CPU
		{73B28F07-E99F-45A8-B9A0-90E7BAC133A3}.Debug|Any CPU.Build.0 = Debug|Any CPU
		{73B28F07-E99F-45A8-B9A0-90E7BAC133A3}.Release|Any CPU.ActiveCfg = Release|Any CPU
		{73B28F07-E99F-45A8-B9A0-90E7BAC133A3}.Release|Any CPU.Build.0 = Release|Any CPU
		{0FF65D90-214F-405E-9674-6C0992BC61FD}.Debug|Any CPU.ActiveCfg = Debug|Any CPU
		{0FF65D90-214F-405E-9674-6C0992BC61FD}.Debug|Any CPU.Build.0 = Debug|Any CPU
		{0FF65D90-214F-405E-9674-6C0992BC61FD}.Release|Any CPU.ActiveCfg = Release|Any CPU
		{0FF65D90-214F-405E-9674-6C0992BC61FD}.Release|Any CPU.Build.0 = Release|Any CPU
	EndGlobalSection
	GlobalSection(SolutionProperties) = preSolution
		HideSolutionNode = FALSE
	EndGlobalSection
	GlobalSection(ExtensibilityGlobals) = postSolution
		SolutionGuid = {9337283C-C795-479F-A2F1-C892EBE2490C}
	EndGlobalSection
EndGlobal
